{
  "name": "ngx-autocom-place",
  "version": "0.6.0",
  "lockfileVersion": 1,
  "requires": true,
  "dependencies": {
    "@types/googlemaps": {
      "version": "3.26.15",
      "resolved": "https://registry.npmjs.org/@types/googlemaps/-/googlemaps-3.26.15.tgz",
      "integrity": "sha512-lzmG23fdfhqo0RZo3gE8UPU/T9WqMkdxnl9rfT7KYxydykgQ3z4UxNGIzYUFnLrfJcT3uiadGf+qUj/KWnEg+w=="
    }
  }
}
